{
  "lockfile_version": "1",
  "packages": {
    "github:NixOS/nixpkgs/nixpkgs-unstable": {
      "last_modified": "2025-05-25T15:24:27Z",
      "resolved": "github:NixOS/nixpkgs/bdac72d387dca7f836f6ef1fe547755fb0e9df61?lastModified=1748186667&narHash=sha256-UQubDNIQ%2FZ42R8tPCIpY%2BBOhlxO8t8ZojwC9o2FW3c8%3D"
    },
    "go@1.23.7": {
      "last_modified": "2025-03-11T17:52:14Z",
      "resolved": "github:NixOS/nixpkgs/0d534853a55b5d02a4ababa1d71921ce8f0aee4c#go_1_23",
      "source": "devbox-search",
      "version": "1.23.7",
      "systems": {
        "aarch64-darwin": {
          "outputs": [
            {
              "name": "out",
              "path": "/nix/store/pmgial79wq49zriy1y6dc19qdrjqyv8g-go-1.23.7",
              "default": true
            }
          ],
          "store_path": "/nix/store/pmgial79wq49zriy1y6dc19qdrjqyv8g-go-1.23.7"
        },
        "aarch64-linux": {
          "outputs": [
            {
              "name": "out",
              "path": "/nix/store/qlklf8pp44ykx63xaryj6apbnw036rm9-go-1.23.7",
              "default": true
            }
          ],
          "store_path": "/nix/store/qlklf8pp44ykx63xaryj6apbnw036rm9-go-1.23.7"
        },
        "x86_64-darwin": {
          "outputs": [
            {
              "name": "out",
              "path": "/nix/store/b41fh5a662df54az1jw6qgqsyw8frdhq-go-1.23.7",
              "default": true
            }
          ],
          "store_path": "/nix/store/b41fh5a662df54az1jw6qgqsyw8frdhq-go-1.23.7"
        },
        "x86_64-linux": {
          "outputs": [
            {
              "name": "out",
              "path": "/nix/store/valwknmr0qzxq70h4ijm9w1jvgc3grsp-go-1.23.7",
              "default": true
            }
          ],
          "store_path": "/nix/store/valwknmr0qzxq70h4ijm9w1jvgc3grsp-go-1.23.7"
        }
      }
    }
  }
}
